{
  "name": "pix-lcms",
  "version": "3.122.0",
  "lockfileVersion": 3,
  "requires": true,
  "packages": {
    "": {
      "name": "pix-lcms",
      "version": "3.122.0",
      "hasInstallScript": true,
      "license": "AGPL-3.0-or-later",
      "engines": {
        "node": "^20.10.0"
      }
    }
  }
}
