{
  "name": "pix-lcms",
  "version": "3.197.25",
  "lockfileVersion": 3,
  "requires": true,
  "packages": {
    "": {
      "name": "pix-lcms",
      "version": "3.197.25",
      "hasInstallScript": true,
      "license": "AGPL-3.0-or-later",
      "engines": {
        "node": "^22.14.0"
      }
    }
  }
}
