{
  "name": "pix-lcms",
  "version": "3.131.2",
  "lockfileVersion": 3,
  "requires": true,
  "packages": {
    "": {
      "name": "pix-lcms",
      "version": "3.131.2",
      "hasInstallScript": true,
      "license": "AGPL-3.0-or-later",
      "dependencies": {
        "inflected": "^2.1.0"
      },
      "engines": {
        "node": "^20.11.0"
      }
    },
    "node_modules/inflected": {
      "version": "2.1.0",
      "resolved": "https://registry.npmjs.org/inflected/-/inflected-2.1.0.tgz",
      "integrity": "sha512-hAEKNxvHf2Iq3H60oMBHkB4wl5jn3TPF3+fXek/sRwAB5gP9xWs4r7aweSF95f99HFoz69pnZTcu8f0SIHV18w=="
    }
  }
}
